
Microsoft Visual Studio Solution File, Format Version 12.00
Project("{2150E333-8FDC-42A3-9474-1A3956D46DE8}") = "src", "src", "{53CFB4BA-F127-4FA6-A912-68560481125D}"
EndProject
Project("{2150E333-8FDC-42A3-9474-1A3956D46DE8}") = "test", "test", "{A9983435-8AAF-4D77-9488-D804DDCAA2AB}"
EndProject
Project("{2150E333-8FDC-42A3-9474-1A3956D46DE8}") = "API", "API", "{6358A150-E1B9-4B42-97B7-51C56DB3AEC8}"
EndProject
Project("{2150E333-8FDC-42A3-9474-1A3956D46DE8}") = "Core", "Core", "{4BA1B403-8796-49B4-9C77-3A02B1D0F0B6}"
EndProject
Project("{2150E333-8FDC-42A3-9474-1A3956D46DE8}") = "Infrastructure", "Infrastructure", "{4FED9CD3-5882-4588-9CB0-4EF00A918EEA}"
EndProject
Project("{2150E333-8FDC-42A3-9474-1A3956D46DE8}") = "UI", "UI", "{03802BE6-F135-4C9E-B754-EF919AEDC77A}"
EndProject
Project("{FAE04EC0-301F-11D3-BF4B-00C04F79EFBC}") = "Ecosia.SearchEngine.Domain", "Ecosia.SearchEngine.Domain\Ecosia.SearchEngine.Domain.csproj", "{4A317599-9E21-4388-9EA8-D0E9F016A0CD}"
EndProject
Project("{FAE04EC0-301F-11D3-BF4B-00C04F79EFBC}") = "Ecosia.SearchEngine.Application", "Ecosia.SearchEngine.Application\Ecosia.SearchEngine.Application.csproj", "{CCC0E964-4E6E-4EB0-BE35-C036F2BD24DF}"
EndProject
Project("{FAE04EC0-301F-11D3-BF4B-00C04F79EFBC}") = "Ecosia.SearchEngine.Persistence", "Ecosia.SearchEngine.Persistence\Ecosia.SearchEngine.Persistence.csproj", "{F57B5986-3C3A-4F4F-8A1B-569E1E9872A3}"
EndProject
Project("{FAE04EC0-301F-11D3-BF4B-00C04F79EFBC}") = "Ecosia.SearchEngine.Infrastructure", "Ecosia.SearchEngine.Infrastructure\Ecosia.SearchEngine.Infrastructure.csproj", "{8C8B1561-FEB3-4D14-9DD1-58E58454683D}"
EndProject
Project("{FAE04EC0-301F-11D3-BF4B-00C04F79EFBC}") = "Ecosia.SearchEngine.Api", "Ecosia.SearchEngine.Api\Ecosia.SearchEngine.Api.csproj", "{264DCF51-1E59-425D-9BD7-72DDD096A3B5}"
EndProject
Project("{FAE04EC0-301F-11D3-BF4B-00C04F79EFBC}") = "Ecosia.SearchEngine.Application.UnitTests", "Ecosia.SearchEngine.Application.UnitTests\Ecosia.SearchEngine.Application.UnitTests.csproj", "{4BACD9BB-91ED-4042-8181-F50397CBAD52}"
EndProject
Project("{FAE04EC0-301F-11D3-BF4B-00C04F79EFBC}") = "Ecosia.SearchEngine.Api.IntegrationTests", "Ecosia.SearchEngine.Api.IntegrationTests\Ecosia.SearchEngine.Api.IntegrationTests.csproj", "{50485CB0-E382-4E37-9E35-50969E4A03A0}"
EndProject
Project("{2150E333-8FDC-42A3-9474-1A3956D46DE8}") = "Ecosia.SearchEngine.WebUI", "Ecosia.SearchEngine.WebUI", "{0DB90312-EC8D-45C1-B120-AE47071F03D6}"
EndProject
Global
	GlobalSection(SolutionConfigurationPlatforms) = preSolution
		Debug|Any CPU = Debug|Any CPU
		Release|Any CPU = Release|Any CPU
	EndGlobalSection
	GlobalSection(NestedProjects) = preSolution
		{6358A150-E1B9-4B42-97B7-51C56DB3AEC8} = {53CFB4BA-F127-4FA6-A912-68560481125D}
		{4BA1B403-8796-49B4-9C77-3A02B1D0F0B6} = {53CFB4BA-F127-4FA6-A912-68560481125D}
		{4FED9CD3-5882-4588-9CB0-4EF00A918EEA} = {53CFB4BA-F127-4FA6-A912-68560481125D}
		{03802BE6-F135-4C9E-B754-EF919AEDC77A} = {53CFB4BA-F127-4FA6-A912-68560481125D}
		{4A317599-9E21-4388-9EA8-D0E9F016A0CD} = {4BA1B403-8796-49B4-9C77-3A02B1D0F0B6}
		{CCC0E964-4E6E-4EB0-BE35-C036F2BD24DF} = {4BA1B403-8796-49B4-9C77-3A02B1D0F0B6}
		{F57B5986-3C3A-4F4F-8A1B-569E1E9872A3} = {4FED9CD3-5882-4588-9CB0-4EF00A918EEA}
		{8C8B1561-FEB3-4D14-9DD1-58E58454683D} = {4FED9CD3-5882-4588-9CB0-4EF00A918EEA}
		{264DCF51-1E59-425D-9BD7-72DDD096A3B5} = {6358A150-E1B9-4B42-97B7-51C56DB3AEC8}
		{4BACD9BB-91ED-4042-8181-F50397CBAD52} = {A9983435-8AAF-4D77-9488-D804DDCAA2AB}
		{50485CB0-E382-4E37-9E35-50969E4A03A0} = {A9983435-8AAF-4D77-9488-D804DDCAA2AB}
		{0DB90312-EC8D-45C1-B120-AE47071F03D6} = {03802BE6-F135-4C9E-B754-EF919AEDC77A}
	EndGlobalSection
	GlobalSection(ProjectConfigurationPlatforms) = postSolution
		{4A317599-9E21-4388-9EA8-D0E9F016A0CD}.Debug|Any CPU.ActiveCfg = Debug|Any CPU
		{4A317599-9E21-4388-9EA8-D0E9F016A0CD}.Debug|Any CPU.Build.0 = Debug|Any CPU
		{4A317599-9E21-4388-9EA8-D0E9F016A0CD}.Release|Any CPU.ActiveCfg = Release|Any CPU
		{4A317599-9E21-4388-9EA8-D0E9F016A0CD}.Release|Any CPU.Build.0 = Release|Any CPU
		{CCC0E964-4E6E-4EB0-BE35-C036F2BD24DF}.Debug|Any CPU.ActiveCfg = Debug|Any CPU
		{CCC0E964-4E6E-4EB0-BE35-C036F2BD24DF}.Debug|Any CPU.Build.0 = Debug|Any CPU
		{CCC0E964-4E6E-4EB0-BE35-C036F2BD24DF}.Release|Any CPU.ActiveCfg = Release|Any CPU
		{CCC0E964-4E6E-4EB0-BE35-C036F2BD24DF}.Release|Any CPU.Build.0 = Release|Any CPU
		{F57B5986-3C3A-4F4F-8A1B-569E1E9872A3}.Debug|Any CPU.ActiveCfg = Debug|Any CPU
		{F57B5986-3C3A-4F4F-8A1B-569E1E9872A3}.Debug|Any CPU.Build.0 = Debug|Any CPU
		{F57B5986-3C3A-4F4F-8A1B-569E1E9872A3}.Release|Any CPU.ActiveCfg = Release|Any CPU
		{F57B5986-3C3A-4F4F-8A1B-569E1E9872A3}.Release|Any CPU.Build.0 = Release|Any CPU
		{8C8B1561-FEB3-4D14-9DD1-58E58454683D}.Debug|Any CPU.ActiveCfg = Debug|Any CPU
		{8C8B1561-FEB3-4D14-9DD1-58E58454683D}.Debug|Any CPU.Build.0 = Debug|Any CPU
		{8C8B1561-FEB3-4D14-9DD1-58E58454683D}.Release|Any CPU.ActiveCfg = Release|Any CPU
		{8C8B1561-FEB3-4D14-9DD1-58E58454683D}.Release|Any CPU.Build.0 = Release|Any CPU
		{264DCF51-1E59-425D-9BD7-72DDD096A3B5}.Debug|Any CPU.ActiveCfg = Debug|Any CPU
		{264DCF51-1E59-425D-9BD7-72DDD096A3B5}.Debug|Any CPU.Build.0 = Debug|Any CPU
		{264DCF51-1E59-425D-9BD7-72DDD096A3B5}.Release|Any CPU.ActiveCfg = Release|Any CPU
		{264DCF51-1E59-425D-9BD7-72DDD096A3B5}.Release|Any CPU.Build.0 = Release|Any CPU
		{4BACD9BB-91ED-4042-8181-F50397CBAD52}.Debug|Any CPU.ActiveCfg = Debug|Any CPU
		{4BACD9BB-91ED-4042-8181-F50397CBAD52}.Debug|Any CPU.Build.0 = Debug|Any CPU
		{4BACD9BB-91ED-4042-8181-F50397CBAD52}.Release|Any CPU.ActiveCfg = Release|Any CPU
		{4BACD9BB-91ED-4042-8181-F50397CBAD52}.Release|Any CPU.Build.0 = Release|Any CPU
		{50485CB0-E382-4E37-9E35-50969E4A03A0}.Debug|Any CPU.ActiveCfg = Debug|Any CPU
		{50485CB0-E382-4E37-9E35-50969E4A03A0}.Debug|Any CPU.Build.0 = Debug|Any CPU
		{50485CB0-E382-4E37-9E35-50969E4A03A0}.Release|Any CPU.ActiveCfg = Release|Any CPU
		{50485CB0-E382-4E37-9E35-50969E4A03A0}.Release|Any CPU.Build.0 = Release|Any CPU
	EndGlobalSection
EndGlobal
